
Microsoft Visual Studio Solution File, Format Version 12.00
# Visual Studio Version 16
VisualStudioVersion = 16.0.31515.178
MinimumVisualStudioVersion = 10.0.40219.1
Project("{FAE04EC0-301F-11D3-BF4B-00C04F79EFBC}") = "FilesIO", "FilesIO\FilesIO.csproj", "{401822F5-771A-4295-9714-37A37DEAC287}"
EndProject
Global
	GlobalSection(SolutionConfigurationPlatforms) = preSolution
		Debug|Any CPU = Debug|Any CPU
		Release|Any CPU = Release|Any CPU
	EndGlobalSection
	GlobalSection(ProjectConfigurationPlatforms) = postSolution
		{401822F5-771A-4295-9714-37A37DEAC287}.Debug|Any CPU.ActiveCfg = Debug|Any CPU
		{401822F5-771A-4295-9714-37A37DEAC287}.Debug|Any CPU.Build.0 = Debug|Any CPU
		{401822F5-771A-4295-9714-37A37DEAC287}.Release|Any CPU.ActiveCfg = Release|Any CPU
		{401822F5-771A-4295-9714-37A37DEAC287}.Release|Any CPU.Build.0 = Release|Any CPU
	EndGlobalSection
	GlobalSection(SolutionProperties) = preSolution
		HideSolutionNode = FALSE
	EndGlobalSection
	GlobalSection(ExtensibilityGlobals) = postSolution
		SolutionGuid = {D878CC2D-BF82-45A2-B1B6-38BB1889FB4C}
	EndGlobalSection
EndGlobal
